
Microsoft Visual Studio Solution File, Format Version 12.00
# Visual Studio Version 17
VisualStudioVersion = 17.9.34714.143
MinimumVisualStudioVersion = 10.0.40219.1
Project("{FAE04EC0-301F-11D3-BF4B-00C04F79EFBC}") = "api-campos-dealer", "api-campos-dealer\api-campos-dealer.csproj", "{DCD76387-AB4E-48E4-A6CB-C2D58A724979}"
EndProject
Global
	GlobalSection(SolutionConfigurationPlatforms) = preSolution
		Debug|Any CPU = Debug|Any CPU
		Release|Any CPU = Release|Any CPU
	EndGlobalSection
	GlobalSection(ProjectConfigurationPlatforms) = postSolution
		{DCD76387-AB4E-48E4-A6CB-C2D58A724979}.Debug|Any CPU.ActiveCfg = Debug|Any CPU
		{DCD76387-AB4E-48E4-A6CB-C2D58A724979}.Debug|Any CPU.Build.0 = Debug|Any CPU
		{DCD76387-AB4E-48E4-A6CB-C2D58A724979}.Release|Any CPU.ActiveCfg = Release|Any CPU
		{DCD76387-AB4E-48E4-A6CB-C2D58A724979}.Release|Any CPU.Build.0 = Release|Any CPU
	EndGlobalSection
	GlobalSection(SolutionProperties) = preSolution
		HideSolutionNode = FALSE
	EndGlobalSection
	GlobalSection(ExtensibilityGlobals) = postSolution
		SolutionGuid = {5ED05A79-1820-4FC5-BBC8-57C051BDE720}
	EndGlobalSection
EndGlobal
